
Microsoft Visual Studio Solution File, Format Version 12.00
# Visual Studio 15
VisualStudioVersion = 15.0.26730.3
MinimumVisualStudioVersion = 10.0.40219.1
Project("{2150E333-8FDC-42A3-9474-1A3956D46DE8}") = "docs", "docs", "{0FA55D61-94E3-4F21-9B9D-56F15BD5CD6B}"
	ProjectSection(SolutionItems) = preProject
		README.md = README.md
	EndProjectSection
EndProject
Project("{2150E333-8FDC-42A3-9474-1A3956D46DE8}") = "src", "src", "{3316769C-36DE-46AB-846A-B021A3BCF1DE}"
EndProject
Project("{2150E333-8FDC-42A3-9474-1A3956D46DE8}") = "samples", "samples", "{4D32A2F3-354F-48CF-9D1C-A4BA94BA462F}"
EndProject
Project("{2150E333-8FDC-42A3-9474-1A3956D46DE8}") = "config", "config", "{D48C1F3C-62B9-45AD-B062-FA7AFE585948}"
	ProjectSection(SolutionItems) = preProject
		.gitattributes = .gitattributes
		.gitignore = .gitignore
	EndProjectSection
EndProject
Project("{9A19103F-16F7-4668-BE54-9A1E7A4F7556}") = "Huanent.Logging.Abstract", "src\Huanent.Logging.Abstract\Huanent.Logging.Abstract.csproj", "{29D3CCAA-31B7-48A6-8037-03B32BB805B9}"
EndProject
Project("{9A19103F-16F7-4668-BE54-9A1E7A4F7556}") = "Huanent.Logging.File", "src\Huanent.Logging.File\Huanent.Logging.File.csproj", "{B50DFD4D-7504-4A71-A183-C55FF910134A}"
EndProject
Project("{9A19103F-16F7-4668-BE54-9A1E7A4F7556}") = "Huanent.Logging.File.Sample", "samples\Huanent.Logging.File.Sample\Huanent.Logging.File.Sample.csproj", "{97FC6A73-3A5A-4DF7-92F5-844F932A22AF}"
EndProject
Project("{9A19103F-16F7-4668-BE54-9A1E7A4F7556}") = "Huanent.Logging.File.UI", "src\Huanent.Logging.File.UI\Huanent.Logging.File.UI.csproj", "{1D24473C-A336-4897-9CEA-C8077DC3B855}"
EndProject
Project("{9A19103F-16F7-4668-BE54-9A1E7A4F7556}") = "Huanent.Logging.Sqlite", "src\Huanent.Logging.Sqlite\Huanent.Logging.Sqlite.csproj", "{CC29576E-3DBA-4710-8BC2-65283A40564A}"
EndProject
Global
	GlobalSection(SolutionConfigurationPlatforms) = preSolution
		Debug|Any CPU = Debug|Any CPU
		Release|Any CPU = Release|Any CPU
	EndGlobalSection
	GlobalSection(ProjectConfigurationPlatforms) = postSolution
		{29D3CCAA-31B7-48A6-8037-03B32BB805B9}.Debug|Any CPU.ActiveCfg = Debug|Any CPU
		{29D3CCAA-31B7-48A6-8037-03B32BB805B9}.Debug|Any CPU.Build.0 = Debug|Any CPU
		{29D3CCAA-31B7-48A6-8037-03B32BB805B9}.Release|Any CPU.ActiveCfg = Release|Any CPU
		{29D3CCAA-31B7-48A6-8037-03B32BB805B9}.Release|Any CPU.Build.0 = Release|Any CPU
		{B50DFD4D-7504-4A71-A183-C55FF910134A}.Debug|Any CPU.ActiveCfg = Debug|Any CPU
		{B50DFD4D-7504-4A71-A183-C55FF910134A}.Debug|Any CPU.Build.0 = Debug|Any CPU
		{B50DFD4D-7504-4A71-A183-C55FF910134A}.Release|Any CPU.ActiveCfg = Release|Any CPU
		{B50DFD4D-7504-4A71-A183-C55FF910134A}.Release|Any CPU.Build.0 = Release|Any CPU
		{97FC6A73-3A5A-4DF7-92F5-844F932A22AF}.Debug|Any CPU.ActiveCfg = Debug|Any CPU
		{97FC6A73-3A5A-4DF7-92F5-844F932A22AF}.Debug|Any CPU.Build.0 = Debug|Any CPU
		{97FC6A73-3A5A-4DF7-92F5-844F932A22AF}.Release|Any CPU.ActiveCfg = Release|Any CPU
		{97FC6A73-3A5A-4DF7-92F5-844F932A22AF}.Release|Any CPU.Build.0 = Release|Any CPU
		{1D24473C-A336-4897-9CEA-C8077DC3B855}.Debug|Any CPU.ActiveCfg = Debug|Any CPU
		{1D24473C-A336-4897-9CEA-C8077DC3B855}.Debug|Any CPU.Build.0 = Debug|Any CPU
		{1D24473C-A336-4897-9CEA-C8077DC3B855}.Release|Any CPU.ActiveCfg = Release|Any CPU
		{1D24473C-A336-4897-9CEA-C8077DC3B855}.Release|Any CPU.Build.0 = Release|Any CPU
		{CC29576E-3DBA-4710-8BC2-65283A40564A}.Debug|Any CPU.ActiveCfg = Debug|Any CPU
		{CC29576E-3DBA-4710-8BC2-65283A40564A}.Debug|Any CPU.Build.0 = Debug|Any CPU
		{CC29576E-3DBA-4710-8BC2-65283A40564A}.Release|Any CPU.ActiveCfg = Release|Any CPU
		{CC29576E-3DBA-4710-8BC2-65283A40564A}.Release|Any CPU.Build.0 = Release|Any CPU
	EndGlobalSection
	GlobalSection(SolutionProperties) = preSolution
		HideSolutionNode = FALSE
	EndGlobalSection
	GlobalSection(NestedProjects) = preSolution
		{29D3CCAA-31B7-48A6-8037-03B32BB805B9} = {3316769C-36DE-46AB-846A-B021A3BCF1DE}
		{B50DFD4D-7504-4A71-A183-C55FF910134A} = {3316769C-36DE-46AB-846A-B021A3BCF1DE}
		{97FC6A73-3A5A-4DF7-92F5-844F932A22AF} = {4D32A2F3-354F-48CF-9D1C-A4BA94BA462F}
		{1D24473C-A336-4897-9CEA-C8077DC3B855} = {3316769C-36DE-46AB-846A-B021A3BCF1DE}
		{CC29576E-3DBA-4710-8BC2-65283A40564A} = {3316769C-36DE-46AB-846A-B021A3BCF1DE}
	EndGlobalSection
	GlobalSection(ExtensibilityGlobals) = postSolution
		SolutionGuid = {79C7F90F-EA6F-44D2-80FA-4B379F347BB1}
	EndGlobalSection
EndGlobal
