
Microsoft Visual Studio Solution File, Format Version 12.00
# Visual Studio Version 17
VisualStudioVersion = 17.0.31808.319
MinimumVisualStudioVersion = 10.0.40219.1
Project("{2150E333-8FDC-42A3-9474-1A3956D46DE8}") = "src", "src", "{0119FE35-111F-48CC-B40E-F65E9F811E0C}"
EndProject
Project("{2150E333-8FDC-42A3-9474-1A3956D46DE8}") = "test", "test", "{582D2F1B-2801-4C67-8712-9ABF46784F01}"
EndProject
Project("{9A19103F-16F7-4668-BE54-9A1E7A4F7556}") = "Logging.File", "src\Logging.File\Logging.File.csproj", "{8134107C-91BC-4D34-9C5C-F6F8D73A4631}"
EndProject
Project("{2150E333-8FDC-42A3-9474-1A3956D46DE8}") = "sample", "sample", "{9BCD75E2-A22C-419D-97EB-2E7CF30EA53F}"
EndProject
Project("{9A19103F-16F7-4668-BE54-9A1E7A4F7556}") = "Logging.Core", "src\Logging.Core\Logging.Core.csproj", "{0D9AEC9E-E3FA-4DDF-AE55-AFB6FFCE96B6}"
EndProject
Project("{2150E333-8FDC-42A3-9474-1A3956D46DE8}") = "Solution Items", "Solution Items", "{863736A3-33D9-452C-B189-754C86A4A78B}"
	ProjectSection(SolutionItems) = preProject
		README.md = README.md
	EndProjectSection
EndProject
Project("{FAE04EC0-301F-11D3-BF4B-00C04F79EFBC}") = "Logging.CoreSample", "sample\Logging.CoreSample\Logging.CoreSample.csproj", "{D9FD5F6B-DD6D-4B2B-9176-ACF350CD59C9}"
EndProject
Project("{FAE04EC0-301F-11D3-BF4B-00C04F79EFBC}") = "Logging.FileSample", "sample\Logging.FileSample\Logging.FileSample.csproj", "{269FA124-15C5-4E76-9D6A-D634DC39AD7C}"
EndProject
Project("{FAE04EC0-301F-11D3-BF4B-00C04F79EFBC}") = "Logging.Sqlite", "src\Logging.Sqlite\Logging.Sqlite.csproj", "{348A6A0F-35E5-431B-9F32-4EFD36579A6F}"
EndProject
Project("{FAE04EC0-301F-11D3-BF4B-00C04F79EFBC}") = "Logging.SqliteSample", "sample\Logging.SqliteSample\Logging.SqliteSample.csproj", "{9EA5BD6F-0747-4889-B813-08C2B88612D7}"
EndProject
Project("{FAE04EC0-301F-11D3-BF4B-00C04F79EFBC}") = "Logging.SqliteTest", "test\Logging.SqliteTest\Logging.SqliteTest.csproj", "{1AA9CF7D-21C7-4BC8-8403-F008939A2C57}"
EndProject
Global
	GlobalSection(SolutionConfigurationPlatforms) = preSolution
		Debug|Any CPU = Debug|Any CPU
		Release|Any CPU = Release|Any CPU
	EndGlobalSection
	GlobalSection(ProjectConfigurationPlatforms) = postSolution
		{8134107C-91BC-4D34-9C5C-F6F8D73A4631}.Debug|Any CPU.ActiveCfg = Debug|Any CPU
		{8134107C-91BC-4D34-9C5C-F6F8D73A4631}.Debug|Any CPU.Build.0 = Debug|Any CPU
		{8134107C-91BC-4D34-9C5C-F6F8D73A4631}.Release|Any CPU.ActiveCfg = Release|Any CPU
		{8134107C-91BC-4D34-9C5C-F6F8D73A4631}.Release|Any CPU.Build.0 = Release|Any CPU
		{0D9AEC9E-E3FA-4DDF-AE55-AFB6FFCE96B6}.Debug|Any CPU.ActiveCfg = Debug|Any CPU
		{0D9AEC9E-E3FA-4DDF-AE55-AFB6FFCE96B6}.Debug|Any CPU.Build.0 = Debug|Any CPU
		{0D9AEC9E-E3FA-4DDF-AE55-AFB6FFCE96B6}.Release|Any CPU.ActiveCfg = Release|Any CPU
		{0D9AEC9E-E3FA-4DDF-AE55-AFB6FFCE96B6}.Release|Any CPU.Build.0 = Release|Any CPU
		{D9FD5F6B-DD6D-4B2B-9176-ACF350CD59C9}.Debug|Any CPU.ActiveCfg = Debug|Any CPU
		{D9FD5F6B-DD6D-4B2B-9176-ACF350CD59C9}.Debug|Any CPU.Build.0 = Debug|Any CPU
		{D9FD5F6B-DD6D-4B2B-9176-ACF350CD59C9}.Release|Any CPU.ActiveCfg = Release|Any CPU
		{D9FD5F6B-DD6D-4B2B-9176-ACF350CD59C9}.Release|Any CPU.Build.0 = Release|Any CPU
		{269FA124-15C5-4E76-9D6A-D634DC39AD7C}.Debug|Any CPU.ActiveCfg = Debug|Any CPU
		{269FA124-15C5-4E76-9D6A-D634DC39AD7C}.Debug|Any CPU.Build.0 = Debug|Any CPU
		{269FA124-15C5-4E76-9D6A-D634DC39AD7C}.Release|Any CPU.ActiveCfg = Release|Any CPU
		{269FA124-15C5-4E76-9D6A-D634DC39AD7C}.Release|Any CPU.Build.0 = Release|Any CPU
		{348A6A0F-35E5-431B-9F32-4EFD36579A6F}.Debug|Any CPU.ActiveCfg = Debug|Any CPU
		{348A6A0F-35E5-431B-9F32-4EFD36579A6F}.Debug|Any CPU.Build.0 = Debug|Any CPU
		{348A6A0F-35E5-431B-9F32-4EFD36579A6F}.Release|Any CPU.ActiveCfg = Release|Any CPU
		{348A6A0F-35E5-431B-9F32-4EFD36579A6F}.Release|Any CPU.Build.0 = Release|Any CPU
		{9EA5BD6F-0747-4889-B813-08C2B88612D7}.Debug|Any CPU.ActiveCfg = Debug|Any CPU
		{9EA5BD6F-0747-4889-B813-08C2B88612D7}.Debug|Any CPU.Build.0 = Debug|Any CPU
		{9EA5BD6F-0747-4889-B813-08C2B88612D7}.Release|Any CPU.ActiveCfg = Release|Any CPU
		{9EA5BD6F-0747-4889-B813-08C2B88612D7}.Release|Any CPU.Build.0 = Release|Any CPU
		{1AA9CF7D-21C7-4BC8-8403-F008939A2C57}.Debug|Any CPU.ActiveCfg = Debug|Any CPU
		{1AA9CF7D-21C7-4BC8-8403-F008939A2C57}.Debug|Any CPU.Build.0 = Debug|Any CPU
		{1AA9CF7D-21C7-4BC8-8403-F008939A2C57}.Release|Any CPU.ActiveCfg = Release|Any CPU
		{1AA9CF7D-21C7-4BC8-8403-F008939A2C57}.Release|Any CPU.Build.0 = Release|Any CPU
	EndGlobalSection
	GlobalSection(SolutionProperties) = preSolution
		HideSolutionNode = FALSE
	EndGlobalSection
	GlobalSection(NestedProjects) = preSolution
		{8134107C-91BC-4D34-9C5C-F6F8D73A4631} = {0119FE35-111F-48CC-B40E-F65E9F811E0C}
		{0D9AEC9E-E3FA-4DDF-AE55-AFB6FFCE96B6} = {0119FE35-111F-48CC-B40E-F65E9F811E0C}
		{D9FD5F6B-DD6D-4B2B-9176-ACF350CD59C9} = {9BCD75E2-A22C-419D-97EB-2E7CF30EA53F}
		{269FA124-15C5-4E76-9D6A-D634DC39AD7C} = {9BCD75E2-A22C-419D-97EB-2E7CF30EA53F}
		{348A6A0F-35E5-431B-9F32-4EFD36579A6F} = {0119FE35-111F-48CC-B40E-F65E9F811E0C}
		{9EA5BD6F-0747-4889-B813-08C2B88612D7} = {9BCD75E2-A22C-419D-97EB-2E7CF30EA53F}
		{1AA9CF7D-21C7-4BC8-8403-F008939A2C57} = {582D2F1B-2801-4C67-8712-9ABF46784F01}
	EndGlobalSection
	GlobalSection(ExtensibilityGlobals) = postSolution
		SolutionGuid = {CA4075C3-7F6D-4EA8-8203-531CA9C2D45A}
	EndGlobalSection
EndGlobal
